{
  "version": "4",
  "specifiers": {
    "jsr:@libs/logger@2": "2.1.4",
    "jsr:@libs/run@2": "2.0.5",
    "jsr:@libs/testing@^2.2.3": "2.3.0",
    "jsr:@luca/esbuild-deno-loader@0.11": "0.11.0",
    "jsr:@std/assert@1": "1.0.6",
    "jsr:@std/assert@^1.0.6": "1.0.6",
    "jsr:@std/async@1": "1.0.6",
    "jsr:@std/bytes@^1.0.2": "1.0.2",
    "jsr:@std/cli@^1.0.6": "1.0.6",
    "jsr:@std/encoding@^1.0.5": "1.0.5",
    "jsr:@std/expect@1": "1.0.5",
    "jsr:@std/fmt@^1.0.2": "1.0.2",
    "jsr:@std/http@1": "1.0.8",
    "jsr:@std/internal@^1.0.4": "1.0.4",
    "jsr:@std/json@1": "1.0.1",
    "jsr:@std/jsonc@1": "1.0.1",
    "jsr:@std/media-types@^1.0.3": "1.0.3",
    "jsr:@std/net@^1.0.4": "1.0.4",
    "jsr:@std/path@1": "1.0.6",
    "jsr:@std/path@^1.0.6": "1.0.6",
    "jsr:@std/streams@1": "1.0.7",
    "jsr:@std/streams@^1.0.7": "1.0.7",
    "npm:@hono/zod-validator@*": "0.4.1_hono@4.6.5_zod@3.23.8",
    "npm:@rollup/plugin-typescript@^11.1.6": "11.1.6_rollup@3.29.5_typescript@5.6.3",
    "npm:esbuild@0.24": "0.24.0",
    "npm:hono@4": "4.6.5",
    "npm:rollup@^3.25.1": "3.29.5",
    "npm:tslib@^2.3.0": "2.8.0",
    "npm:zod@*": "3.23.8"
  },
  "jsr": {
    "@libs/logger@2.1.4": {
      "integrity": "47d100412f9c16b5752d670d7fb182a2dce2cda26a72896e0f69d3a2de35fa1f"
    },
    "@libs/run@2.0.5": {
      "integrity": "6da09b6d9458a7f8134a113f7a70186742e6f759423a60f7037ca1001bbf1b78",
      "dependencies": [
        "jsr:@libs/logger",
        "jsr:@std/async",
        "jsr:@std/streams@1"
      ]
    },
    "@libs/testing@2.3.0": {
      "integrity": "200e5cb67da399ef5cb96a4bc697c82a0020e3fa29c8c2629b3609e244f66566",
      "dependencies": [
        "jsr:@libs/run",
        "jsr:@std/assert@1",
        "jsr:@std/expect",
        "jsr:@std/http"
      ]
    },
    "@luca/esbuild-deno-loader@0.11.0": {
      "integrity": "c05a989aa7c4ee6992a27be5f15cfc5be12834cab7ff84cabb47313737c51a2c",
      "dependencies": [
        "jsr:@std/bytes",
        "jsr:@std/encoding",
        "jsr:@std/path@^1.0.6"
      ]
    },
    "@std/assert@1.0.6": {
      "integrity": "1904c05806a25d94fe791d6d883b685c9e2dcd60e4f9fc30f4fc5cf010c72207",
      "dependencies": [
        "jsr:@std/internal"
      ]
    },
    "@std/async@1.0.6": {
      "integrity": "6d262156dd35c4a72ee1a2f8679be40264f370cfb92e2e13d4eca2ae05e16f34"
    },
    "@std/bytes@1.0.2": {
      "integrity": "fbdee322bbd8c599a6af186a1603b3355e59a5fb1baa139f8f4c3c9a1b3e3d57"
    },
    "@std/cli@1.0.6": {
      "integrity": "d22d8b38c66c666d7ad1f2a66c5b122da1704f985d3c47f01129f05abb6c5d3d"
    },
    "@std/encoding@1.0.5": {
      "integrity": "ecf363d4fc25bd85bd915ff6733a7e79b67e0e7806334af15f4645c569fefc04"
    },
    "@std/expect@1.0.5": {
      "integrity": "8c7ac797e2ffe57becc6399c0f2fd06230cb9ef124d45229c6e592c563824af1",
      "dependencies": [
        "jsr:@std/assert@^1.0.6",
        "jsr:@std/internal"
      ]
    },
    "@std/fmt@1.0.2": {
      "integrity": "87e9dfcdd3ca7c066e0c3c657c1f987c82888eb8103a3a3baa62684ffeb0f7a7"
    },
    "@std/http@1.0.8": {
      "integrity": "6ea1b2e8d33929967754a3b6d6c6f399ad6647d7bbb5a466c1eaf9b294a6ebcd",
      "dependencies": [
        "jsr:@std/cli",
        "jsr:@std/encoding",
        "jsr:@std/fmt",
        "jsr:@std/media-types",
        "jsr:@std/net",
        "jsr:@std/path@^1.0.6",
        "jsr:@std/streams@^1.0.7"
      ]
    },
    "@std/internal@1.0.4": {
      "integrity": "62e8e4911527e5e4f307741a795c0b0a9e6958d0b3790716ae71ce085f755422"
    },
    "@std/json@1.0.1": {
      "integrity": "1f0f70737e8827f9acca086282e903677bc1bb0c8ffcd1f21bca60039563049f"
    },
    "@std/jsonc@1.0.1": {
      "integrity": "6b36956e2a7cbb08ca5ad7fbec72e661e6217c202f348496ea88747636710dda",
      "dependencies": [
        "jsr:@std/json"
      ]
    },
    "@std/media-types@1.0.3": {
      "integrity": "b12d30a7852f7578f4d210622df713bbfd1cbdd9b4ec2eaf5c1845ab70bab159"
    },
    "@std/net@1.0.4": {
      "integrity": "2f403b455ebbccf83d8a027d29c5a9e3a2452fea39bb2da7f2c04af09c8bc852"
    },
    "@std/path@1.0.6": {
      "integrity": "ab2c55f902b380cf28e0eec501b4906e4c1960d13f00e11cfbcd21de15f18fed"
    },
    "@std/streams@1.0.7": {
      "integrity": "1a93917ca0c58c01b2bfb93647189229b1702677f169b6fb61ad6241cd2e499b",
      "dependencies": [
        "jsr:@std/bytes"
      ]
    }
  },
  "npm": {
    "@esbuild/aix-ppc64@0.24.0": {
      "integrity": "sha512-WtKdFM7ls47zkKHFVzMz8opM7LkcsIp9amDUBIAWirg70RM71WRSjdILPsY5Uv1D42ZpUfaPILDlfactHgsRkw=="
    },
    "@esbuild/android-arm64@0.24.0": {
      "integrity": "sha512-Vsm497xFM7tTIPYK9bNTYJyF/lsP590Qc1WxJdlB6ljCbdZKU9SY8i7+Iin4kyhV/KV5J2rOKsBQbB77Ab7L/w=="
    },
    "@esbuild/android-arm@0.24.0": {
      "integrity": "sha512-arAtTPo76fJ/ICkXWetLCc9EwEHKaeya4vMrReVlEIUCAUncH7M4bhMQ+M9Vf+FFOZJdTNMXNBrWwW+OXWpSew=="
    },
    "@esbuild/android-x64@0.24.0": {
      "integrity": "sha512-t8GrvnFkiIY7pa7mMgJd7p8p8qqYIz1NYiAoKc75Zyv73L3DZW++oYMSHPRarcotTKuSs6m3hTOa5CKHaS02TQ=="
    },
    "@esbuild/darwin-arm64@0.24.0": {
      "integrity": "sha512-CKyDpRbK1hXwv79soeTJNHb5EiG6ct3efd/FTPdzOWdbZZfGhpbcqIpiD0+vwmpu0wTIL97ZRPZu8vUt46nBSw=="
    },
    "@esbuild/darwin-x64@0.24.0": {
      "integrity": "sha512-rgtz6flkVkh58od4PwTRqxbKH9cOjaXCMZgWD905JOzjFKW+7EiUObfd/Kav+A6Gyud6WZk9w+xu6QLytdi2OA=="
    },
    "@esbuild/freebsd-arm64@0.24.0": {
      "integrity": "sha512-6Mtdq5nHggwfDNLAHkPlyLBpE5L6hwsuXZX8XNmHno9JuL2+bg2BX5tRkwjyfn6sKbxZTq68suOjgWqCicvPXA=="
    },
    "@esbuild/freebsd-x64@0.24.0": {
      "integrity": "sha512-D3H+xh3/zphoX8ck4S2RxKR6gHlHDXXzOf6f/9dbFt/NRBDIE33+cVa49Kil4WUjxMGW0ZIYBYtaGCa2+OsQwQ=="
    },
    "@esbuild/linux-arm64@0.24.0": {
      "integrity": "sha512-TDijPXTOeE3eaMkRYpcy3LarIg13dS9wWHRdwYRnzlwlA370rNdZqbcp0WTyyV/k2zSxfko52+C7jU5F9Tfj1g=="
    },
    "@esbuild/linux-arm@0.24.0": {
      "integrity": "sha512-gJKIi2IjRo5G6Glxb8d3DzYXlxdEj2NlkixPsqePSZMhLudqPhtZ4BUrpIuTjJYXxvF9njql+vRjB2oaC9XpBw=="
    },
    "@esbuild/linux-ia32@0.24.0": {
      "integrity": "sha512-K40ip1LAcA0byL05TbCQ4yJ4swvnbzHscRmUilrmP9Am7//0UjPreh4lpYzvThT2Quw66MhjG//20mrufm40mA=="
    },
    "@esbuild/linux-loong64@0.24.0": {
      "integrity": "sha512-0mswrYP/9ai+CU0BzBfPMZ8RVm3RGAN/lmOMgW4aFUSOQBjA31UP8Mr6DDhWSuMwj7jaWOT0p0WoZ6jeHhrD7g=="
    },
    "@esbuild/linux-mips64el@0.24.0": {
      "integrity": "sha512-hIKvXm0/3w/5+RDtCJeXqMZGkI2s4oMUGj3/jM0QzhgIASWrGO5/RlzAzm5nNh/awHE0A19h/CvHQe6FaBNrRA=="
    },
    "@esbuild/linux-ppc64@0.24.0": {
      "integrity": "sha512-HcZh5BNq0aC52UoocJxaKORfFODWXZxtBaaZNuN3PUX3MoDsChsZqopzi5UupRhPHSEHotoiptqikjN/B77mYQ=="
    },
    "@esbuild/linux-riscv64@0.24.0": {
      "integrity": "sha512-bEh7dMn/h3QxeR2KTy1DUszQjUrIHPZKyO6aN1X4BCnhfYhuQqedHaa5MxSQA/06j3GpiIlFGSsy1c7Gf9padw=="
    },
    "@esbuild/linux-s390x@0.24.0": {
      "integrity": "sha512-ZcQ6+qRkw1UcZGPyrCiHHkmBaj9SiCD8Oqd556HldP+QlpUIe2Wgn3ehQGVoPOvZvtHm8HPx+bH20c9pvbkX3g=="
    },
    "@esbuild/linux-x64@0.24.0": {
      "integrity": "sha512-vbutsFqQ+foy3wSSbmjBXXIJ6PL3scghJoM8zCL142cGaZKAdCZHyf+Bpu/MmX9zT9Q0zFBVKb36Ma5Fzfa8xA=="
    },
    "@esbuild/netbsd-x64@0.24.0": {
      "integrity": "sha512-hjQ0R/ulkO8fCYFsG0FZoH+pWgTTDreqpqY7UnQntnaKv95uP5iW3+dChxnx7C3trQQU40S+OgWhUVwCjVFLvg=="
    },
    "@esbuild/openbsd-arm64@0.24.0": {
      "integrity": "sha512-MD9uzzkPQbYehwcN583yx3Tu5M8EIoTD+tUgKF982WYL9Pf5rKy9ltgD0eUgs8pvKnmizxjXZyLt0z6DC3rRXg=="
    },
    "@esbuild/openbsd-x64@0.24.0": {
      "integrity": "sha512-4ir0aY1NGUhIC1hdoCzr1+5b43mw99uNwVzhIq1OY3QcEwPDO3B7WNXBzaKY5Nsf1+N11i1eOfFcq+D/gOS15Q=="
    },
    "@esbuild/sunos-x64@0.24.0": {
      "integrity": "sha512-jVzdzsbM5xrotH+W5f1s+JtUy1UWgjU0Cf4wMvffTB8m6wP5/kx0KiaLHlbJO+dMgtxKV8RQ/JvtlFcdZ1zCPA=="
    },
    "@esbuild/win32-arm64@0.24.0": {
      "integrity": "sha512-iKc8GAslzRpBytO2/aN3d2yb2z8XTVfNV0PjGlCxKo5SgWmNXx82I/Q3aG1tFfS+A2igVCY97TJ8tnYwpUWLCA=="
    },
    "@esbuild/win32-ia32@0.24.0": {
      "integrity": "sha512-vQW36KZolfIudCcTnaTpmLQ24Ha1RjygBo39/aLkM2kmjkWmZGEJ5Gn9l5/7tzXA42QGIoWbICfg6KLLkIw6yw=="
    },
    "@esbuild/win32-x64@0.24.0": {
      "integrity": "sha512-7IAFPrjSQIJrGsK6flwg7NFmwBoSTyF3rl7If0hNUFQU4ilTsEPL6GuMuU9BfIWVVGuRnuIidkSMC+c0Otu8IA=="
    },
    "@hono/zod-validator@0.4.1_hono@4.6.5_zod@3.23.8": {
      "integrity": "sha512-I8LyfeJfvVmC5hPjZ2Iij7RjexlgSBT7QJudZ4JvNPLxn0JQ3sqclz2zydlwISAnw21D2n4LQ0nfZdoiv9fQQA==",
      "dependencies": [
        "hono",
        "zod"
      ]
    },
    "@rollup/plugin-typescript@11.1.6_rollup@3.29.5_typescript@5.6.3": {
      "integrity": "sha512-R92yOmIACgYdJ7dJ97p4K69I8gg6IEHt8M7dUBxN3W6nrO8uUxX5ixl0yU/N3aZTi8WhPuICvOHXQvF6FaykAA==",
      "dependencies": [
        "@rollup/pluginutils",
        "resolve",
        "rollup",
        "typescript"
      ]
    },
    "@rollup/pluginutils@5.1.0_rollup@3.29.5": {
      "integrity": "sha512-XTIWOPPcpvyKI6L1NHo0lFlCyznUEyPmPY1mc3KpPVDYulHSTvyeLNVW00QTLIAFNhR3kYnJTQHeGqU4M3n09g==",
      "dependencies": [
        "@types/estree",
        "estree-walker",
        "picomatch",
        "rollup"
      ]
    },
    "@types/estree@1.0.6": {
      "integrity": "sha512-AYnb1nQyY49te+VRAVgmzfcgjYS91mY5P0TKUDCLEM+gNnA+3T6rWITXRLYCpahpqSQbN5cE+gHpnPyXjHWxcw=="
    },
    "esbuild@0.24.0": {
      "integrity": "sha512-FuLPevChGDshgSicjisSooU0cemp/sGXR841D5LHMB7mTVOmsEHcAxaH3irL53+8YDIeVNQEySh4DaYU/iuPqQ==",
      "dependencies": [
        "@esbuild/aix-ppc64",
        "@esbuild/android-arm",
        "@esbuild/android-arm64",
        "@esbuild/android-x64",
        "@esbuild/darwin-arm64",
        "@esbuild/darwin-x64",
        "@esbuild/freebsd-arm64",
        "@esbuild/freebsd-x64",
        "@esbuild/linux-arm",
        "@esbuild/linux-arm64",
        "@esbuild/linux-ia32",
        "@esbuild/linux-loong64",
        "@esbuild/linux-mips64el",
        "@esbuild/linux-ppc64",
        "@esbuild/linux-riscv64",
        "@esbuild/linux-s390x",
        "@esbuild/linux-x64",
        "@esbuild/netbsd-x64",
        "@esbuild/openbsd-arm64",
        "@esbuild/openbsd-x64",
        "@esbuild/sunos-x64",
        "@esbuild/win32-arm64",
        "@esbuild/win32-ia32",
        "@esbuild/win32-x64"
      ]
    },
    "estree-walker@2.0.2": {
      "integrity": "sha512-Rfkk/Mp/DL7JVje3u18FxFujQlTNR2q6QfMSMB7AvCBx91NGj/ba3kCfza0f6dVDbw7YlRf/nDrn7pQrCCyQ/w=="
    },
    "fsevents@2.3.3": {
      "integrity": "sha512-5xoDfX+fL7faATnagmWPpbFtwh/R77WmMMqqHGS65C3vvB0YHrgF+B1YmZ3441tMj5n63k0212XNoJwzlhffQw=="
    },
    "function-bind@1.1.2": {
      "integrity": "sha512-7XHNxH7qX9xG5mIwxkhumTox/MIRNcOgDrxWsMt2pAr23WHp6MrRlN7FBSFpCpr+oVO0F744iUgR82nJMfG2SA=="
    },
    "hasown@2.0.2": {
      "integrity": "sha512-0hJU9SCPvmMzIBdZFqNPXWa6dqh7WdH0cII9y+CyS8rG3nL48Bclra9HmKhVVUHyPWNH5Y7xDwAB7bfgSjkUMQ==",
      "dependencies": [
        "function-bind"
      ]
    },
    "hono@4.6.5": {
      "integrity": "sha512-qsmN3V5fgtwdKARGLgwwHvcdLKursMd+YOt69eGpl1dUCJb8mCd7hZfyZnBYjxCegBG7qkJRQRUy2oO25yHcyQ=="
    },
    "is-core-module@2.13.1": {
      "integrity": "sha512-hHrIjvZsftOsvKSn2TRYl63zvxsgE0K+0mYMoH6gD4omR5IWB2KynivBQczo3+wF1cCkjzvptnI9Q0sPU66ilw==",
      "dependencies": [
        "hasown"
      ]
    },
    "path-parse@1.0.7": {
      "integrity": "sha512-LDJzPVEEEPR+y48z93A0Ed0yXb8pAByGWo/k5YYdYgpY2/2EsOsksJrq7lOHxryrVOn1ejG6oAp8ahvOIQD8sw=="
    },
    "picomatch@2.3.1": {
      "integrity": "sha512-JU3teHTNjmE2VCGFzuY8EXzCDVwEqB2a8fsIvwaStHhAWJEeVd1o1QD80CU6+ZdEXXSLbSsuLwJjkCBWqRQUVA=="
    },
    "resolve@1.22.8": {
      "integrity": "sha512-oKWePCxqpd6FlLvGV1VU0x7bkPmmCNolxzjMf4NczoDnQcIWrAF+cPtZn5i6n+RfD2d9i0tzpKnG6Yk168yIyw==",
      "dependencies": [
        "is-core-module",
        "path-parse",
        "supports-preserve-symlinks-flag"
      ]
    },
    "rollup@3.29.5": {
      "integrity": "sha512-GVsDdsbJzzy4S/v3dqWPJ7EfvZJfCHiDqe80IyrF59LYuP+e6U1LJoUqeuqRbwAWoMNoXivMNeNAOf5E22VA1w==",
      "dependencies": [
        "fsevents"
      ]
    },
    "supports-preserve-symlinks-flag@1.0.0": {
      "integrity": "sha512-ot0WnXS9fgdkgIcePe6RHNk1WA8+muPa6cSjeR3V8K27q9BB1rTE3R1p7Hv0z1ZyAc8s6Vvv8DIyWf681MAt0w=="
    },
    "tslib@2.8.0": {
      "integrity": "sha512-jWVzBLplnCmoaTr13V9dYbiQ99wvZRd0vNWaDRg+aVYRcjDF3nDksxFDE/+fkXnKhpnUUkmx5pK/v8mCtLVqZA=="
    },
    "typescript@5.6.3": {
      "integrity": "sha512-hjcS1mhfuyi4WW8IWtjP7brDrG2cuDZukyrYrSauoXGNgx0S7zceP07adYkJycEr56BOUTNPzbInooiN3fn1qw=="
    },
    "zod@3.23.8": {
      "integrity": "sha512-XBx9AXhXktjUqnepgTiE5flcKIYWi/rme0Eaj+5Y0lftuGBq+jyRu/md4WnuxqgP1ubdpNCsYEYPxrzVHD8d6g=="
    }
  },
  "workspace": {
    "dependencies": [
      "jsr:@libs/testing@^2.2.3",
      "jsr:@luca/esbuild-deno-loader@0.11",
      "jsr:@std/assert@1",
      "jsr:@std/async@1",
      "jsr:@std/expect@1",
      "jsr:@std/http@1",
      "jsr:@std/jsonc@1",
      "jsr:@std/path@1",
      "npm:@hono/zod-validator@*",
      "npm:@rollup/plugin-typescript@^11.1.6",
      "npm:esbuild@0.24",
      "npm:hono@4",
      "npm:rollup@^3.25.1",
      "npm:tslib@^2.3.0",
      "npm:zod@*"
    ]
  }
}
